{
	"name": "get-wrd-hot-line",
	"version": "1.0.0",
	"lockfileVersion": 1,
	"requires": true,
	"dependencies": {
		"node-modules-common": {
			"version": "file:../common/node-modules-common",
			"requires": {
				"cheerio": "^1.0.0-rc.3",
				"html-entities": "^1.3.1",
				"sync-request": "^6.1.0"
			}
		},
		"url-common": {
			"version": "file:../common/url-common"
		}
	}
}
